// !$*UTF8*$!
{
	archiveVersion = 1;
	classes = {
	};
	objectVersion = 56;
	objects = {

/* Begin PBXBuildFile section */
		452821DD28F6E0E50037A0FB /* GoogleSAPApp.swift in Sources */ = {isa = PBXBuildFile; fileRef = 452821DC28F6E0E50037A0FB /* GoogleSAPApp.swift */; };
		452821DF28F6E0E50037A0FB /* ContentView.swift in Sources */ = {isa = PBXBuildFile; fileRef = 452821DE28F6E0E50037A0FB /* ContentView.swift */; };
		452821E128F6E0E80037A0FB /* Assets.xcassets in Resources */ = {isa = PBXBuildFile; fileRef = 452821E028F6E0E80037A0FB /* Assets.xcassets */; };
		452821E428F6E0E80037A0FB /* Preview Assets.xcassets in Resources */ = {isa = PBXBuildFile; fileRef = 452821E328F6E0E80037A0FB /* Preview Assets.xcassets */; };
		4548F18928F70BA20033B5B8 /* EditRoutineComponentView.swift in Sources */ = {isa = PBXBuildFile; fileRef = 4548F17D28F70BA20033B5B8 /* EditRoutineComponentView.swift */; };
		4548F18A28F70BA20033B5B8 /* EditDayRoutinesView.swift in Sources */ = {isa = PBXBuildFile; fileRef = 4548F17E28F70BA20033B5B8 /* EditDayRoutinesView.swift */; };
		4548F18B28F70BA20033B5B8 /* Routine.swift in Sources */ = {isa = PBXBuildFile; fileRef = 4548F17F28F70BA20033B5B8 /* Routine.swift */; };
		4548F18C28F70BA20033B5B8 /* RoutinesView.swift in Sources */ = {isa = PBXBuildFile; fileRef = 4548F18028F70BA20033B5B8 /* RoutinesView.swift */; };
		4548F18D28F70BA20033B5B8 /* RoutinesDataManager.swift in Sources */ = {isa = PBXBuildFile; fileRef = 4548F18128F70BA20033B5B8 /* RoutinesDataManager.swift */; };
		4548F18E28F70BA20033B5B8 /* LoggerView.swift in Sources */ = {isa = PBXBuildFile; fileRef = 4548F18328F70BA20033B5B8 /* LoggerView.swift */; };
		4548F18F28F70BA20033B5B8 /* StandardsView.swift in Sources */ = {isa = PBXBuildFile; fileRef = 4548F18528F70BA20033B5B8 /* StandardsView.swift */; };
		4548F19028F70BA20033B5B8 /* CalculatorView.swift in Sources */ = {isa = PBXBuildFile; fileRef = 4548F18628F70BA20033B5B8 /* CalculatorView.swift */; };
		4548F19128F70BA20033B5B8 /* HomeView.swift in Sources */ = {isa = PBXBuildFile; fileRef = 4548F18828F70BA20033B5B8 /* HomeView.swift */; };
/* End PBXBuildFile section */

/* Begin PBXFileReference section */
		452821D928F6E0E50037A0FB /* GoogleSAP.app */ = {isa = PBXFileReference; explicitFileType = wrapper.application; includeInIndex = 0; path = GoogleSAP.app; sourceTree = BUILT_PRODUCTS_DIR; };
		452821DC28F6E0E50037A0FB /* GoogleSAPApp.swift */ = {isa = PBXFileReference; lastKnownFileType = sourcecode.swift; path = GoogleSAPApp.swift; sourceTree = "<group>"; };
		452821DE28F6E0E50037A0FB /* ContentView.swift */ = {isa = PBXFileReference; lastKnownFileType = sourcecode.swift; path = ContentView.swift; sourceTree = "<group>"; };
		452821E028F6E0E80037A0FB /* Assets.xcassets */ = {isa = PBXFileReference; lastKnownFileType = folder.assetcatalog; path = Assets.xcassets; sourceTree = "<group>"; };
		452821E328F6E0E80037A0FB /* Preview Assets.xcassets */ = {isa = PBXFileReference; lastKnownFileType = folder.assetcatalog; path = "Preview Assets.xcassets"; sourceTree = "<group>"; };
		4548F17D28F70BA20033B5B8 /* EditRoutineComponentView.swift */ = {isa = PBXFileReference; fileEncoding = 4; lastKnownFileType = sourcecode.swift; path = EditRoutineComponentView.swift; sourceTree = "<group>"; };
		4548F17E28F70BA20033B5B8 /* EditDayRoutinesView.swift */ = {isa = PBXFileReference; fileEncoding = 4; lastKnownFileType = sourcecode.swift; path = EditDayRoutinesView.swift; sourceTree = "<group>"; };
		4548F17F28F70BA20033B5B8 /* Routine.swift */ = {isa = PBXFileReference; fileEncoding = 4; lastKnownFileType = sourcecode.swift; path = Routine.swift; sourceTree = "<group>"; };
		4548F18028F70BA20033B5B8 /* RoutinesView.swift */ = {isa = PBXFileReference; fileEncoding = 4; lastKnownFileType = sourcecode.swift; path = RoutinesView.swift; sourceTree = "<group>"; };
		4548F18128F70BA20033B5B8 /* RoutinesDataManager.swift */ = {isa = PBXFileReference; fileEncoding = 4; lastKnownFileType = sourcecode.swift; path = RoutinesDataManager.swift; sourceTree = "<group>"; };
		4548F18328F70BA20033B5B8 /* LoggerView.swift */ = {isa = PBXFileReference; fileEncoding = 4; lastKnownFileType = sourcecode.swift; path = LoggerView.swift; sourceTree = "<group>"; };
		4548F18528F70BA20033B5B8 /* StandardsView.swift */ = {isa = PBXFileReference; fileEncoding = 4; lastKnownFileType = sourcecode.swift; path = StandardsView.swift; sourceTree = "<group>"; };
		4548F18628F70BA20033B5B8 /* CalculatorView.swift */ = {isa = PBXFileReference; fileEncoding = 4; lastKnownFileType = sourcecode.swift; path = CalculatorView.swift; sourceTree = "<group>"; };
		4548F18828F70BA20033B5B8 /* HomeView.swift */ = {isa = PBXFileReference; fileEncoding = 4; lastKnownFileType = sourcecode.swift; path = HomeView.swift; sourceTree = "<group>"; };
/* End PBXFileReference section */

/* Begin PBXFrameworksBuildPhase section */
		452821D628F6E0E50037A0FB /* Frameworks */ = {
			isa = PBXFrameworksBuildPhase;
			buildActionMask = 2147483647;
			files = (
			);
			runOnlyForDeploymentPostprocessing = 0;
		};
/* End PBXFrameworksBuildPhase section */

/* Begin PBXGroup section */
		452821D028F6E0E50037A0FB = {
			isa = PBXGroup;
			children = (
				452821DB28F6E0E50037A0FB /* GoogleSAP */,
				452821DA28F6E0E50037A0FB /* Products */,
			);
			sourceTree = "<group>";
		};
		452821DA28F6E0E50037A0FB /* Products */ = {
			isa = PBXGroup;
			children = (
				452821D928F6E0E50037A0FB /* GoogleSAP.app */,
			);
			name = Products;
			sourceTree = "<group>";
		};
		452821DB28F6E0E50037A0FB /* GoogleSAP */ = {
			isa = PBXGroup;
			children = (
				452821DC28F6E0E50037A0FB /* GoogleSAPApp.swift */,
				452821DE28F6E0E50037A0FB /* ContentView.swift */,
				4548F18728F70BA20033B5B8 /* Home */,
				4548F18228F70BA20033B5B8 /* Logger */,
				4548F18428F70BA20033B5B8 /* Standards */,
				4548F17C28F70BA20033B5B8 /* Workout */,
				452821E028F6E0E80037A0FB /* Assets.xcassets */,
				452821E228F6E0E80037A0FB /* Preview Content */,
			);
			path = GoogleSAP;
			sourceTree = "<group>";
		};
		452821E228F6E0E80037A0FB /* Preview Content */ = {
			isa = PBXGroup;
			children = (
				452821E328F6E0E80037A0FB /* Preview Assets.xcassets */,
			);
			path = "Preview Content";
			sourceTree = "<group>";
		};
		4548F17C28F70BA20033B5B8 /* Workout */ = {
			isa = PBXGroup;
			children = (
				4548F17D28F70BA20033B5B8 /* EditRoutineComponentView.swift */,
				4548F17E28F70BA20033B5B8 /* EditDayRoutinesView.swift */,
				4548F17F28F70BA20033B5B8 /* Routine.swift */,
				4548F18028F70BA20033B5B8 /* RoutinesView.swift */,
				4548F18128F70BA20033B5B8 /* RoutinesDataManager.swift */,
			);
			path = Workout;
			sourceTree = "<group>";
		};
		4548F18228F70BA20033B5B8 /* Logger */ = {
			isa = PBXGroup;
			children = (
				4548F18328F70BA20033B5B8 /* LoggerView.swift */,
			);
			path = Logger;
			sourceTree = "<group>";
		};
		4548F18428F70BA20033B5B8 /* Standards */ = {
			isa = PBXGroup;
			children = (
				4548F18528F70BA20033B5B8 /* StandardsView.swift */,
				4548F18628F70BA20033B5B8 /* CalculatorView.swift */,
			);
			path = Standards;
			sourceTree = "<group>";
		};
		4548F18728F70BA20033B5B8 /* Home */ = {
			isa = PBXGroup;
			children = (
				4548F18828F70BA20033B5B8 /* HomeView.swift */,
			);
			path = Home;
			sourceTree = "<group>";
		};
/* End PBXGroup section */

/* Begin PBXNativeTarget section */
		452821D828F6E0E50037A0FB /* GoogleSAP */ = {
			isa = PBXNativeTarget;
			buildConfigurationList = 452821E728F6E0E80037A0FB /* Build configuration list for PBXNativeTarget "GoogleSAP" */;
			buildPhases = (
				452821D528F6E0E50037A0FB /* Sources */,
				452821D628F6E0E50037A0FB /* Frameworks */,
				452821D728F6E0E50037A0FB /* Resources */,
			);
			buildRules = (
			);
			dependencies = (
			);
			name = GoogleSAP;
			productName = GoogleSAP;
			productReference = 452821D928F6E0E50037A0FB /* GoogleSAP.app */;
			productType = "com.apple.product-type.application";
		};
/* End PBXNativeTarget section */

/* Begin PBXProject section */
		452821D128F6E0E50037A0FB /* Project object */ = {
			isa = PBXProject;
			attributes = {
				BuildIndependentTargetsInParallel = 1;
				LastSwiftUpdateCheck = 1400;
				LastUpgradeCheck = 1400;
				TargetAttributes = {
					452821D828F6E0E50037A0FB = {
						CreatedOnToolsVersion = 14.0.1;
					};
				};
			};
			buildConfigurationList = 452821D428F6E0E50037A0FB /* Build configuration list for PBXProject "GoogleSAP" */;
			compatibilityVersion = "Xcode 14.0";
			developmentRegion = en;
			hasScannedForEncodings = 0;
			knownRegions = (
				en,
				Base,
			);
			mainGroup = 452821D028F6E0E50037A0FB;
			productRefGroup = 452821DA28F6E0E50037A0FB /* Products */;
			projectDirPath = "";
			projectRoot = "";
			targets = (
				452821D828F6E0E50037A0FB /* GoogleSAP */,
			);
		};
/* End PBXProject section */

/* Begin PBXResourcesBuildPhase section */
		452821D728F6E0E50037A0FB /* Resources */ = {
			isa = PBXResourcesBuildPhase;
			buildActionMask = 2147483647;
			files = (
				452821E428F6E0E80037A0FB /* Preview Assets.xcassets in Resources */,
				452821E128F6E0E80037A0FB /* Assets.xcassets in Resources */,
			);
			runOnlyForDeploymentPostprocessing = 0;
		};
/* End PBXResourcesBuildPhase section */

/* Begin PBXSourcesBuildPhase section */
		452821D528F6E0E50037A0FB /* Sources */ = {
			isa = PBXSourcesBuildPhase;
			buildActionMask = 2147483647;
			files = (
				4548F18F28F70BA20033B5B8 /* StandardsView.swift in Sources */,
				4548F18B28F70BA20033B5B8 /* Routine.swift in Sources */,
				4548F18C28F70BA20033B5B8 /* RoutinesView.swift in Sources */,
				4548F18A28F70BA20033B5B8 /* EditDayRoutinesView.swift in Sources */,
				4548F18D28F70BA20033B5B8 /* RoutinesDataManager.swift in Sources */,
				4548F19128F70BA20033B5B8 /* HomeView.swift in Sources */,
				452821DF28F6E0E50037A0FB /* ContentView.swift in Sources */,
				4548F19028F70BA20033B5B8 /* CalculatorView.swift in Sources */,
				4548F18928F70BA20033B5B8 /* EditRoutineComponentView.swift in Sources */,
				4548F18E28F70BA20033B5B8 /* LoggerView.swift in Sources */,
				452821DD28F6E0E50037A0FB /* GoogleSAPApp.swift in Sources */,
			);
			runOnlyForDeploymentPostprocessing = 0;
		};
/* End PBXSourcesBuildPhase section */

/* Begin XCBuildConfiguration section */
		452821E528F6E0E80037A0FB /* Debug */ = {
			isa = XCBuildConfiguration;
			buildSettings = {
				ALWAYS_SEARCH_USER_PATHS = NO;
				CLANG_ANALYZER_NONNULL = YES;
				CLANG_ANALYZER_NUMBER_OBJECT_CONVERSION = YES_AGGRESSIVE;
				CLANG_CXX_LANGUAGE_STANDARD = "gnu++20";
				CLANG_ENABLE_MODULES = YES;
				CLANG_ENABLE_OBJC_ARC = YES;
				CLANG_ENABLE_OBJC_WEAK = YES;
				CLANG_WARN_BLOCK_CAPTURE_AUTORELEASING = YES;
				CLANG_WARN_BOOL_CONVERSION = YES;
				CLANG_WARN_COMMA = YES;
				CLANG_WARN_CONSTANT_CONVERSION = YES;
				CLANG_WARN_DEPRECATED_OBJC_IMPLEMENTATIONS = YES;
				CLANG_WARN_DIRECT_OBJC_ISA_USAGE = YES_ERROR;
				CLANG_WARN_DOCUMENTATION_COMMENTS = YES;
				CLANG_WARN_EMPTY_BODY = YES;
				CLANG_WARN_ENUM_CONVERSION = YES;
				CLANG_WARN_INFINITE_RECURSION = YES;
				CLANG_WARN_INT_CONVERSION = YES;
				CLANG_WARN_NON_LITERAL_NULL_CONVERSION = YES;
				CLANG_WARN_OBJC_IMPLICIT_RETAIN_SELF = YES;
				CLANG_WARN_OBJC_LITERAL_CONVERSION = YES;
				CLANG_WARN_OBJC_ROOT_CLASS = YES_ERROR;
				CLANG_WARN_QUOTED_INCLUDE_IN_FRAMEWORK_HEADER = YES;
				CLANG_WARN_RANGE_LOOP_ANALYSIS = YES;
				CLANG_WARN_STRICT_PROTOTYPES = YES;
				CLANG_WARN_SUSPICIOUS_MOVE = YES;
				CLANG_WARN_UNGUARDED_AVAILABILITY = YES_AGGRESSIVE;
				CLANG_WARN_UNREACHABLE_CODE = YES;
				CLANG_WARN__DUPLICATE_METHOD_MATCH = YES;
				COPY_PHASE_STRIP = NO;
				DEBUG_INFORMATION_FORMAT = dwarf;
				ENABLE_STRICT_OBJC_MSGSEND = YES;
				ENABLE_TESTABILITY = YES;
				GCC_C_LANGUAGE_STANDARD = gnu11;
				GCC_DYNAMIC_NO_PIC = NO;
				GCC_NO_COMMON_BLOCKS = YES;
				GCC_OPTIMIZATION_LEVEL = 0;
				GCC_PREPROCESSOR_DEFINITIONS = (
					"DEBUG=1",
					"$(inherited)",
				);
				GCC_WARN_64_TO_32_BIT_CONVERSION = YES;
				GCC_WARN_ABOUT_RETURN_TYPE = YES_ERROR;
				GCC_WARN_UNDECLARED_SELECTOR = YES;
				GCC_WARN_UNINITIALIZED_AUTOS = YES_AGGRESSIVE;
				GCC_WARN_UNUSED_FUNCTION = YES;
				GCC_WARN_UNUSED_VARIABLE = YES;
				IPHONEOS_DEPLOYMENT_TARGET = 16.0;
				MTL_ENABLE_DEBUG_INFO = INCLUDE_SOURCE;
				MTL_FAST_MATH = YES;
				ONLY_ACTIVE_ARCH = YES;
				SDKROOT = iphoneos;
				SWIFT_ACTIVE_COMPILATION_CONDITIONS = DEBUG;
				SWIFT_OPTIMIZATION_LEVEL = "-Onone";
			};
			name = Debug;
		};
		452821E628F6E0E80037A0FB /* Release */ = {
			isa = XCBuildConfiguration;
			buildSettings = {
				ALWAYS_SEARCH_USER_PATHS = NO;
				CLANG_ANALYZER_NONNULL = YES;
				CLANG_ANALYZER_NUMBER_OBJECT_CONVERSION = YES_AGGRESSIVE;
				CLANG_CXX_LANGUAGE_STANDARD = "gnu++20";
				CLANG_ENABLE_MODULES = YES;
				CLANG_ENABLE_OBJC_ARC = YES;
				CLANG_ENABLE_OBJC_WEAK = YES;
				CLANG_WARN_BLOCK_CAPTURE_AUTORELEASING = YES;
				CLANG_WARN_BOOL_CONVERSION = YES;
				CLANG_WARN_COMMA = YES;
				CLANG_WARN_CONSTANT_CONVERSION = YES;
				CLANG_WARN_DEPRECATED_OBJC_IMPLEMENTATIONS = YES;
				CLANG_WARN_DIRECT_OBJC_ISA_USAGE = YES_ERROR;
				CLANG_WARN_DOCUMENTATION_COMMENTS = YES;
				CLANG_WARN_EMPTY_BODY = YES;
				CLANG_WARN_ENUM_CONVERSION = YES;
				CLANG_WARN_INFINITE_RECURSION = YES;
				CLANG_WARN_INT_CONVERSION = YES;
				CLANG_WARN_NON_LITERAL_NULL_CONVERSION = YES;
				CLANG_WARN_OBJC_IMPLICIT_RETAIN_SELF = YES;
				CLANG_WARN_OBJC_LITERAL_CONVERSION = YES;
				CLANG_WARN_OBJC_ROOT_CLASS = YES_ERROR;
				CLANG_WARN_QUOTED_INCLUDE_IN_FRAMEWORK_HEADER = YES;
				CLANG_WARN_RANGE_LOOP_ANALYSIS = YES;
				CLANG_WARN_STRICT_PROTOTYPES = YES;
				CLANG_WARN_SUSPICIOUS_MOVE = YES;
				CLANG_WARN_UNGUARDED_AVAILABILITY = YES_AGGRESSIVE;
				CLANG_WARN_UNREACHABLE_CODE = YES;
				CLANG_WARN__DUPLICATE_METHOD_MATCH = YES;
				COPY_PHASE_STRIP = NO;
				DEBUG_INFORMATION_FORMAT = "dwarf-with-dsym";
				ENABLE_NS_ASSERTIONS = NO;
				ENABLE_STRICT_OBJC_MSGSEND = YES;
				GCC_C_LANGUAGE_STANDARD = gnu11;
				GCC_NO_COMMON_BLOCKS = YES;
				GCC_WARN_64_TO_32_BIT_CONVERSION = YES;
				GCC_WARN_ABOUT_RETURN_TYPE = YES_ERROR;
				GCC_WARN_UNDECLARED_SELECTOR = YES;
				GCC_WARN_UNINITIALIZED_AUTOS = YES_AGGRESSIVE;
				GCC_WARN_UNUSED_FUNCTION = YES;
				GCC_WARN_UNUSED_VARIABLE = YES;
				IPHONEOS_DEPLOYMENT_TARGET = 16.0;
				MTL_ENABLE_DEBUG_INFO = NO;
				MTL_FAST_MATH = YES;
				SDKROOT = iphoneos;
				SWIFT_COMPILATION_MODE = wholemodule;
				SWIFT_OPTIMIZATION_LEVEL = "-O";
				VALIDATE_PRODUCT = YES;
			};
			name = Release;
		};
		452821E828F6E0E80037A0FB /* Debug */ = {
			isa = XCBuildConfiguration;
			buildSettings = {
				ASSETCATALOG_COMPILER_APPICON_NAME = AppIcon;
				ASSETCATALOG_COMPILER_GLOBAL_ACCENT_COLOR_NAME = AccentColor;
				CODE_SIGN_STYLE = Automatic;
				CURRENT_PROJECT_VERSION = 1;
				DEVELOPMENT_ASSET_PATHS = "\"GoogleSAP/Preview Content\"";
				ENABLE_PREVIEWS = YES;
				GENERATE_INFOPLIST_FILE = YES;
				INFOPLIST_KEY_UIApplicationSceneManifest_Generation = YES;
				INFOPLIST_KEY_UIApplicationSupportsIndirectInputEvents = YES;
				INFOPLIST_KEY_UILaunchScreen_Generation = YES;
				INFOPLIST_KEY_UISupportedInterfaceOrientations_iPad = "UIInterfaceOrientationPortrait UIInterfaceOrientationPortraitUpsideDown UIInterfaceOrientationLandscapeLeft UIInterfaceOrientationLandscapeRight";
				INFOPLIST_KEY_UISupportedInterfaceOrientations_iPhone = "UIInterfaceOrientationPortrait UIInterfaceOrientationLandscapeLeft UIInterfaceOrientationLandscapeRight";
				LD_RUNPATH_SEARCH_PATHS = (
					"$(inherited)",
					"@executable_path/Frameworks",
				);
				MARKETING_VERSION = 1.0;
				PRODUCT_BUNDLE_IDENTIFIER = com.sap.GoogleSAP;
				PRODUCT_NAME = "$(TARGET_NAME)";
				SWIFT_EMIT_LOC_STRINGS = YES;
				SWIFT_VERSION = 5.0;
				TARGETED_DEVICE_FAMILY = "1,2";
			};
			name = Debug;
		};
		452821E928F6E0E80037A0FB /* Release */ = {
			isa = XCBuildConfiguration;
			buildSettings = {
				ASSETCATALOG_COMPILER_APPICON_NAME = AppIcon;
				ASSETCATALOG_COMPILER_GLOBAL_ACCENT_COLOR_NAME = AccentColor;
				CODE_SIGN_STYLE = Automatic;
				CURRENT_PROJECT_VERSION = 1;
				DEVELOPMENT_ASSET_PATHS = "\"GoogleSAP/Preview Content\"";
				ENABLE_PREVIEWS = YES;
				GENERATE_INFOPLIST_FILE = YES;
				INFOPLIST_KEY_UIApplicationSceneManifest_Generation = YES;
				INFOPLIST_KEY_UIApplicationSupportsIndirectInputEvents = YES;
				INFOPLIST_KEY_UILaunchScreen_Generation = YES;
				INFOPLIST_KEY_UISupportedInterfaceOrientations_iPad = "UIInterfaceOrientationPortrait UIInterfaceOrientationPortraitUpsideDown UIInterfaceOrientationLandscapeLeft UIInterfaceOrientationLandscapeRight";
				INFOPLIST_KEY_UISupportedInterfaceOrientations_iPhone = "UIInterfaceOrientationPortrait UIInterfaceOrientationLandscapeLeft UIInterfaceOrientationLandscapeRight";
				LD_RUNPATH_SEARCH_PATHS = (
					"$(inherited)",
					"@executable_path/Frameworks",
				);
				MARKETING_VERSION = 1.0;
				PRODUCT_BUNDLE_IDENTIFIER = com.sap.GoogleSAP;
				PRODUCT_NAME = "$(TARGET_NAME)";
				SWIFT_EMIT_LOC_STRINGS = YES;
				SWIFT_VERSION = 5.0;
				TARGETED_DEVICE_FAMILY = "1,2";
			};
			name = Release;
		};
/* End XCBuildConfiguration section */

/* Begin XCConfigurationList section */
		452821D428F6E0E50037A0FB /* Build configuration list for PBXProject "GoogleSAP" */ = {
			isa = XCConfigurationList;
			buildConfigurations = (
				452821E528F6E0E80037A0FB /* Debug */,
				452821E628F6E0E80037A0FB /* Release */,
			);
			defaultConfigurationIsVisible = 0;
			defaultConfigurationName = Release;
		};
		452821E728F6E0E80037A0FB /* Build configuration list for PBXNativeTarget "GoogleSAP" */ = {
			isa = XCConfigurationList;
			buildConfigurations = (
				452821E828F6E0E80037A0FB /* Debug */,
				452821E928F6E0E80037A0FB /* Release */,
			);
			defaultConfigurationIsVisible = 0;
			defaultConfigurationName = Release;
		};
/* End XCConfigurationList section */
	};
	rootObject = 452821D128F6E0E50037A0FB /* Project object */;
}
